
Microsoft Visual Studio Solution File, Format Version 12.00
# Visual Studio Version 17
VisualStudioVersion = 17.5.33516.290
MinimumVisualStudioVersion = 10.0.40219.1
Project("{FAE04EC0-301F-11D3-BF4B-00C04F79EFBC}") = "aybukeuzun6", "aybukeuzun6\aybukeuzun6.csproj", "{38C25FE6-1C2A-4F3A-ABF8-06713484238C}"
EndProject
Project("{FAE04EC0-301F-11D3-BF4B-00C04F79EFBC}") = "aybukeuzunarray66", "aybukeuzunarray66\aybukeuzunarray66.csproj", "{B0684A74-57FC-41FE-BF06-C653C91CFF8E}"
EndProject
Global
	GlobalSection(SolutionConfigurationPlatforms) = preSolution
		Debug|Any CPU = Debug|Any CPU
		Release|Any CPU = Release|Any CPU
	EndGlobalSection
	GlobalSection(ProjectConfigurationPlatforms) = postSolution
		{38C25FE6-1C2A-4F3A-ABF8-06713484238C}.Debug|Any CPU.ActiveCfg = Debug|Any CPU
		{38C25FE6-1C2A-4F3A-ABF8-06713484238C}.Debug|Any CPU.Build.0 = Debug|Any CPU
		{38C25FE6-1C2A-4F3A-ABF8-06713484238C}.Release|Any CPU.ActiveCfg = Release|Any CPU
		{38C25FE6-1C2A-4F3A-ABF8-06713484238C}.Release|Any CPU.Build.0 = Release|Any CPU
		{B0684A74-57FC-41FE-BF06-C653C91CFF8E}.Debug|Any CPU.ActiveCfg = Debug|Any CPU
		{B0684A74-57FC-41FE-BF06-C653C91CFF8E}.Debug|Any CPU.Build.0 = Debug|Any CPU
		{B0684A74-57FC-41FE-BF06-C653C91CFF8E}.Release|Any CPU.ActiveCfg = Release|Any CPU
		{B0684A74-57FC-41FE-BF06-C653C91CFF8E}.Release|Any CPU.Build.0 = Release|Any CPU
	EndGlobalSection
	GlobalSection(SolutionProperties) = preSolution
		HideSolutionNode = FALSE
	EndGlobalSection
	GlobalSection(ExtensibilityGlobals) = postSolution
		SolutionGuid = {33E8BA48-A8F8-4DA4-B4F9-80A953BCD1AF}
	EndGlobalSection
EndGlobal
